
Microsoft Visual Studio Solution File, Format Version 12.00
# Visual Studio 15
VisualStudioVersion = 15.0.27004.2010
MinimumVisualStudioVersion = 10.0.40219.1
Project("{FAE04EC0-301F-11D3-BF4B-00C04F79EFBC}") = "WebPFileType", "WebPFileType.csproj", "{4C81127E-5E26-47F8-94F4-D4DD1F503D4B}"
EndProject
Project("{8BC9CEB8-8B4A-11D0-8D11-00A0C91BC942}") = "WebP", "WebP\WebP.vcxproj", "{36CCE467-C7A4-4132-AC59-D452C3377773}"
EndProject
Global
	GlobalSection(SolutionConfigurationPlatforms) = preSolution
		Debug|Any CPU = Debug|Any CPU
		Debug|Mixed Platforms = Debug|Mixed Platforms
		Debug|Win32 = Debug|Win32
		Debug|x64 = Debug|x64
		Release|Any CPU = Release|Any CPU
		Release|Mixed Platforms = Release|Mixed Platforms
		Release|Win32 = Release|Win32
		Release|x64 = Release|x64
	EndGlobalSection
	GlobalSection(ProjectConfigurationPlatforms) = postSolution
		{4C81127E-5E26-47F8-94F4-D4DD1F503D4B}.Debug|Any CPU.ActiveCfg = Debug|Any CPU
		{4C81127E-5E26-47F8-94F4-D4DD1F503D4B}.Debug|Any CPU.Build.0 = Debug|Any CPU
		{4C81127E-5E26-47F8-94F4-D4DD1F503D4B}.Debug|Mixed Platforms.ActiveCfg = Debug|Any CPU
		{4C81127E-5E26-47F8-94F4-D4DD1F503D4B}.Debug|Mixed Platforms.Build.0 = Debug|Any CPU
		{4C81127E-5E26-47F8-94F4-D4DD1F503D4B}.Debug|Win32.ActiveCfg = Debug|Any CPU
		{4C81127E-5E26-47F8-94F4-D4DD1F503D4B}.Debug|x64.ActiveCfg = Debug|x64
		{4C81127E-5E26-47F8-94F4-D4DD1F503D4B}.Release|Any CPU.ActiveCfg = Release|Any CPU
		{4C81127E-5E26-47F8-94F4-D4DD1F503D4B}.Release|Any CPU.Build.0 = Release|Any CPU
		{4C81127E-5E26-47F8-94F4-D4DD1F503D4B}.Release|Mixed Platforms.ActiveCfg = Release|Any CPU
		{4C81127E-5E26-47F8-94F4-D4DD1F503D4B}.Release|Mixed Platforms.Build.0 = Release|Any CPU
		{4C81127E-5E26-47F8-94F4-D4DD1F503D4B}.Release|Win32.ActiveCfg = Release|Any CPU
		{4C81127E-5E26-47F8-94F4-D4DD1F503D4B}.Release|x64.ActiveCfg = Release|x64
		{36CCE467-C7A4-4132-AC59-D452C3377773}.Debug|Any CPU.ActiveCfg = Debug|Win32
		{36CCE467-C7A4-4132-AC59-D452C3377773}.Debug|Mixed Platforms.ActiveCfg = Debug|x64
		{36CCE467-C7A4-4132-AC59-D452C3377773}.Debug|Mixed Platforms.Build.0 = Debug|x64
		{36CCE467-C7A4-4132-AC59-D452C3377773}.Debug|Win32.ActiveCfg = Debug|Win32
		{36CCE467-C7A4-4132-AC59-D452C3377773}.Debug|Win32.Build.0 = Debug|Win32
		{36CCE467-C7A4-4132-AC59-D452C3377773}.Debug|x64.ActiveCfg = Debug|x64
		{36CCE467-C7A4-4132-AC59-D452C3377773}.Debug|x64.Build.0 = Debug|x64
		{36CCE467-C7A4-4132-AC59-D452C3377773}.Release|Any CPU.ActiveCfg = Release|Win32
		{36CCE467-C7A4-4132-AC59-D452C3377773}.Release|Mixed Platforms.ActiveCfg = Release|x64
		{36CCE467-C7A4-4132-AC59-D452C3377773}.Release|Mixed Platforms.Build.0 = Release|x64
		{36CCE467-C7A4-4132-AC59-D452C3377773}.Release|Win32.ActiveCfg = Release|Win32
		{36CCE467-C7A4-4132-AC59-D452C3377773}.Release|Win32.Build.0 = Release|Win32
		{36CCE467-C7A4-4132-AC59-D452C3377773}.Release|x64.ActiveCfg = Release|x64
		{36CCE467-C7A4-4132-AC59-D452C3377773}.Release|x64.Build.0 = Release|x64
	EndGlobalSection
	GlobalSection(SolutionProperties) = preSolution
		HideSolutionNode = FALSE
	EndGlobalSection
	GlobalSection(ExtensibilityGlobals) = postSolution
		SolutionGuid = {4E3FB7CC-D6BA-47C1-9384-C6A708BD3B3B}
	EndGlobalSection
	GlobalSection(SubversionScc) = preSolution
		Svn-Managed = True
		Manager = AnkhSVN - Subversion Support for Visual Studio
	EndGlobalSection
EndGlobal
